
Microsoft Visual Studio Solution File, Format Version 12.00
# Visual Studio Version 16
VisualStudioVersion = 16.0.32929.386
MinimumVisualStudioVersion = 10.0.40219.1
Project("{FAE04EC0-301F-11D3-BF4B-00C04F79EFBC}") = "Prova_2", "Prova_2\Prova_2.csproj", "{88813AB8-8415-44C2-B45C-C2C53E0D6307}"
EndProject
Global
	GlobalSection(SolutionConfigurationPlatforms) = preSolution
		Debug|Any CPU = Debug|Any CPU
		Release|Any CPU = Release|Any CPU
	EndGlobalSection
	GlobalSection(ProjectConfigurationPlatforms) = postSolution
		{88813AB8-8415-44C2-B45C-C2C53E0D6307}.Debug|Any CPU.ActiveCfg = Debug|Any CPU
		{88813AB8-8415-44C2-B45C-C2C53E0D6307}.Debug|Any CPU.Build.0 = Debug|Any CPU
		{88813AB8-8415-44C2-B45C-C2C53E0D6307}.Release|Any CPU.ActiveCfg = Release|Any CPU
		{88813AB8-8415-44C2-B45C-C2C53E0D6307}.Release|Any CPU.Build.0 = Release|Any CPU
	EndGlobalSection
	GlobalSection(SolutionProperties) = preSolution
		HideSolutionNode = FALSE
	EndGlobalSection
	GlobalSection(ExtensibilityGlobals) = postSolution
		SolutionGuid = {BC4B95D4-B23D-4526-BE8F-634CBFD20333}
	EndGlobalSection
EndGlobal
