
Microsoft Visual Studio Solution File, Format Version 12.00
# Visual Studio Version 16
VisualStudioVersion = 16.0.32929.386
MinimumVisualStudioVersion = 10.0.40219.1
Project("{FAE04EC0-301F-11D3-BF4B-00C04F79EFBC}") = "ADO_2", "ADO_2\ADO_2.csproj", "{46350169-0EE8-4839-AEBC-92EBA3759CCB}"
EndProject
Global
	GlobalSection(SolutionConfigurationPlatforms) = preSolution
		Debug|Any CPU = Debug|Any CPU
		Release|Any CPU = Release|Any CPU
	EndGlobalSection
	GlobalSection(ProjectConfigurationPlatforms) = postSolution
		{46350169-0EE8-4839-AEBC-92EBA3759CCB}.Debug|Any CPU.ActiveCfg = Debug|Any CPU
		{46350169-0EE8-4839-AEBC-92EBA3759CCB}.Debug|Any CPU.Build.0 = Debug|Any CPU
		{46350169-0EE8-4839-AEBC-92EBA3759CCB}.Release|Any CPU.ActiveCfg = Release|Any CPU
		{46350169-0EE8-4839-AEBC-92EBA3759CCB}.Release|Any CPU.Build.0 = Release|Any CPU
	EndGlobalSection
	GlobalSection(SolutionProperties) = preSolution
		HideSolutionNode = FALSE
	EndGlobalSection
	GlobalSection(ExtensibilityGlobals) = postSolution
		SolutionGuid = {99345A51-2951-4F69-B84D-79E3C91CE147}
	EndGlobalSection
EndGlobal
